
Microsoft Visual Studio Solution File, Format Version 12.00
# Visual Studio 15
VisualStudioVersion = 15.0.28307.1622
MinimumVisualStudioVersion = 10.0.40219.1
Project("{8BC9CEB8-8B4A-11D0-8D11-00A0C91BC942}") = "01-01-01", "01-01-01\01-01-01.vcxproj", "{00610B2A-96B9-42AB-873C-ECEE86FF5FD0}"
EndProject
Project("{FAE04EC0-301F-11D3-BF4B-00C04F79EFBC}") = "01-01-02", "01-01-02\01-01-02.csproj", "{D616F465-9249-4BAB-BF80-FFCFAC166293}"
EndProject
Project("{FAE04EC0-301F-11D3-BF4B-00C04F79EFBC}") = "01-01-03", "01-01-03\01-01-03.csproj", "{7252BB8D-B354-448F-8792-8071A533745C}"
EndProject
Project("{FAE04EC0-301F-11D3-BF4B-00C04F79EFBC}") = "01-01-04", "01-01-04\01-01-04.csproj", "{D689AAF3-1101-42E6-BE04-641A969A9BFD}"
EndProject
Project("{FAE04EC0-301F-11D3-BF4B-00C04F79EFBC}") = "01-01-05", "01-01-05\01-01-05.csproj", "{BB7B9873-D86A-453B-B359-AF433083883C}"
EndProject
Project("{FAE04EC0-301F-11D3-BF4B-00C04F79EFBC}") = "01-01-06", "01-01-06\01-01-06.csproj", "{33A0FDAE-4E58-47AD-9749-56818957BC41}"
EndProject
Project("{FAE04EC0-301F-11D3-BF4B-00C04F79EFBC}") = "01-01-07", "01-01-07\01-01-07.csproj", "{F5E843D8-87F5-45C9-950F-A5AC459D829D}"
EndProject
Project("{FAE04EC0-301F-11D3-BF4B-00C04F79EFBC}") = "01-01-08", "01-01-08\01-01-08.csproj", "{BB65D536-39CC-4A32-8759-CAE96256B7D4}"
EndProject
Project("{FAE04EC0-301F-11D3-BF4B-00C04F79EFBC}") = "01-01-09", "01-01-09\01-01-09.csproj", "{A491F8ED-690D-44DE-A0DE-4477E53830D4}"
EndProject
Project("{FAE04EC0-301F-11D3-BF4B-00C04F79EFBC}") = "01-01-10", "01-01-10\01-01-10.csproj", "{C0B72DFF-9344-4E75-8103-018D9358BC24}"
EndProject
Project("{FAE04EC0-301F-11D3-BF4B-00C04F79EFBC}") = "01-01-11", "01-01-11\01-01-11.csproj", "{C1191557-DE60-4BF3-B2AA-8EC2C6151103}"
EndProject
Project("{FAE04EC0-301F-11D3-BF4B-00C04F79EFBC}") = "01-01-12", "01-01-12\01-01-12.csproj", "{06318435-8B2C-4326-9B86-FEED9562843C}"
EndProject
Project("{FAE04EC0-301F-11D3-BF4B-00C04F79EFBC}") = "01-01-13", "01-01-13\01-01-13.csproj", "{1103BFB2-A7F5-454E-A2C5-0ACCC53C4135}"
EndProject
Global
	GlobalSection(SolutionConfigurationPlatforms) = preSolution
		Debug|Any CPU = Debug|Any CPU
		Debug|x64 = Debug|x64
		Debug|x86 = Debug|x86
		Release|Any CPU = Release|Any CPU
		Release|x64 = Release|x64
		Release|x86 = Release|x86
	EndGlobalSection
	GlobalSection(ProjectConfigurationPlatforms) = postSolution
		{00610B2A-96B9-42AB-873C-ECEE86FF5FD0}.Debug|Any CPU.ActiveCfg = Debug|Win32
		{00610B2A-96B9-42AB-873C-ECEE86FF5FD0}.Debug|x64.ActiveCfg = Debug|x64
		{00610B2A-96B9-42AB-873C-ECEE86FF5FD0}.Debug|x64.Build.0 = Debug|x64
		{00610B2A-96B9-42AB-873C-ECEE86FF5FD0}.Debug|x86.ActiveCfg = Debug|Win32
		{00610B2A-96B9-42AB-873C-ECEE86FF5FD0}.Debug|x86.Build.0 = Debug|Win32
		{00610B2A-96B9-42AB-873C-ECEE86FF5FD0}.Release|Any CPU.ActiveCfg = Release|Win32
		{00610B2A-96B9-42AB-873C-ECEE86FF5FD0}.Release|x64.ActiveCfg = Release|x64
		{00610B2A-96B9-42AB-873C-ECEE86FF5FD0}.Release|x64.Build.0 = Release|x64
		{00610B2A-96B9-42AB-873C-ECEE86FF5FD0}.Release|x86.ActiveCfg = Release|Win32
		{00610B2A-96B9-42AB-873C-ECEE86FF5FD0}.Release|x86.Build.0 = Release|Win32
		{D616F465-9249-4BAB-BF80-FFCFAC166293}.Debug|Any CPU.ActiveCfg = Debug|Any CPU
		{D616F465-9249-4BAB-BF80-FFCFAC166293}.Debug|Any CPU.Build.0 = Debug|Any CPU
		{D616F465-9249-4BAB-BF80-FFCFAC166293}.Debug|x64.ActiveCfg = Debug|Any CPU
		{D616F465-9249-4BAB-BF80-FFCFAC166293}.Debug|x64.Build.0 = Debug|Any CPU
		{D616F465-9249-4BAB-BF80-FFCFAC166293}.Debug|x86.ActiveCfg = Debug|Any CPU
		{D616F465-9249-4BAB-BF80-FFCFAC166293}.Debug|x86.Build.0 = Debug|Any CPU
		{D616F465-9249-4BAB-BF80-FFCFAC166293}.Release|Any CPU.ActiveCfg = Release|Any CPU
		{D616F465-9249-4BAB-BF80-FFCFAC166293}.Release|Any CPU.Build.0 = Release|Any CPU
		{D616F465-9249-4BAB-BF80-FFCFAC166293}.Release|x64.ActiveCfg = Release|Any CPU
		{D616F465-9249-4BAB-BF80-FFCFAC166293}.Release|x64.Build.0 = Release|Any CPU
		{D616F465-9249-4BAB-BF80-FFCFAC166293}.Release|x86.ActiveCfg = Release|Any CPU
		{D616F465-9249-4BAB-BF80-FFCFAC166293}.Release|x86.Build.0 = Release|Any CPU
		{7252BB8D-B354-448F-8792-8071A533745C}.Debug|Any CPU.ActiveCfg = Debug|Any CPU
		{7252BB8D-B354-448F-8792-8071A533745C}.Debug|Any CPU.Build.0 = Debug|Any CPU
		{7252BB8D-B354-448F-8792-8071A533745C}.Debug|x64.ActiveCfg = Debug|Any CPU
		{7252BB8D-B354-448F-8792-8071A533745C}.Debug|x64.Build.0 = Debug|Any CPU
		{7252BB8D-B354-448F-8792-8071A533745C}.Debug|x86.ActiveCfg = Debug|Any CPU
		{7252BB8D-B354-448F-8792-8071A533745C}.Debug|x86.Build.0 = Debug|Any CPU
		{7252BB8D-B354-448F-8792-8071A533745C}.Release|Any CPU.ActiveCfg = Release|Any CPU
		{7252BB8D-B354-448F-8792-8071A533745C}.Release|Any CPU.Build.0 = Release|Any CPU
		{7252BB8D-B354-448F-8792-8071A533745C}.Release|x64.ActiveCfg = Release|Any CPU
		{7252BB8D-B354-448F-8792-8071A533745C}.Release|x64.Build.0 = Release|Any CPU
		{7252BB8D-B354-448F-8792-8071A533745C}.Release|x86.ActiveCfg = Release|Any CPU
		{7252BB8D-B354-448F-8792-8071A533745C}.Release|x86.Build.0 = Release|Any CPU
		{D689AAF3-1101-42E6-BE04-641A969A9BFD}.Debug|Any CPU.ActiveCfg = Debug|Any CPU
		{D689AAF3-1101-42E6-BE04-641A969A9BFD}.Debug|Any CPU.Build.0 = Debug|Any CPU
		{D689AAF3-1101-42E6-BE04-641A969A9BFD}.Debug|x64.ActiveCfg = Debug|Any CPU
		{D689AAF3-1101-42E6-BE04-641A969A9BFD}.Debug|x64.Build.0 = Debug|Any CPU
		{D689AAF3-1101-42E6-BE04-641A969A9BFD}.Debug|x86.ActiveCfg = Debug|Any CPU
		{D689AAF3-1101-42E6-BE04-641A969A9BFD}.Debug|x86.Build.0 = Debug|Any CPU
		{D689AAF3-1101-42E6-BE04-641A969A9BFD}.Release|Any CPU.ActiveCfg = Release|Any CPU
		{D689AAF3-1101-42E6-BE04-641A969A9BFD}.Release|Any CPU.Build.0 = Release|Any CPU
		{D689AAF3-1101-42E6-BE04-641A969A9BFD}.Release|x64.ActiveCfg = Release|Any CPU
		{D689AAF3-1101-42E6-BE04-641A969A9BFD}.Release|x64.Build.0 = Release|Any CPU
		{D689AAF3-1101-42E6-BE04-641A969A9BFD}.Release|x86.ActiveCfg = Release|Any CPU
		{D689AAF3-1101-42E6-BE04-641A969A9BFD}.Release|x86.Build.0 = Release|Any CPU
		{BB7B9873-D86A-453B-B359-AF433083883C}.Debug|Any CPU.ActiveCfg = Debug|Any CPU
		{BB7B9873-D86A-453B-B359-AF433083883C}.Debug|Any CPU.Build.0 = Debug|Any CPU
		{BB7B9873-D86A-453B-B359-AF433083883C}.Debug|x64.ActiveCfg = Debug|Any CPU
		{BB7B9873-D86A-453B-B359-AF433083883C}.Debug|x64.Build.0 = Debug|Any CPU
		{BB7B9873-D86A-453B-B359-AF433083883C}.Debug|x86.ActiveCfg = Debug|Any CPU
		{BB7B9873-D86A-453B-B359-AF433083883C}.Debug|x86.Build.0 = Debug|Any CPU
		{BB7B9873-D86A-453B-B359-AF433083883C}.Release|Any CPU.ActiveCfg = Release|Any CPU
		{BB7B9873-D86A-453B-B359-AF433083883C}.Release|Any CPU.Build.0 = Release|Any CPU
		{BB7B9873-D86A-453B-B359-AF433083883C}.Release|x64.ActiveCfg = Release|Any CPU
		{BB7B9873-D86A-453B-B359-AF433083883C}.Release|x64.Build.0 = Release|Any CPU
		{BB7B9873-D86A-453B-B359-AF433083883C}.Release|x86.ActiveCfg = Release|Any CPU
		{BB7B9873-D86A-453B-B359-AF433083883C}.Release|x86.Build.0 = Release|Any CPU
		{33A0FDAE-4E58-47AD-9749-56818957BC41}.Debug|Any CPU.ActiveCfg = Debug|Any CPU
		{33A0FDAE-4E58-47AD-9749-56818957BC41}.Debug|Any CPU.Build.0 = Debug|Any CPU
		{33A0FDAE-4E58-47AD-9749-56818957BC41}.Debug|x64.ActiveCfg = Debug|Any CPU
		{33A0FDAE-4E58-47AD-9749-56818957BC41}.Debug|x64.Build.0 = Debug|Any CPU
		{33A0FDAE-4E58-47AD-9749-56818957BC41}.Debug|x86.ActiveCfg = Debug|Any CPU
		{33A0FDAE-4E58-47AD-9749-56818957BC41}.Debug|x86.Build.0 = Debug|Any CPU
		{33A0FDAE-4E58-47AD-9749-56818957BC41}.Release|Any CPU.ActiveCfg = Release|Any CPU
		{33A0FDAE-4E58-47AD-9749-56818957BC41}.Release|Any CPU.Build.0 = Release|Any CPU
		{33A0FDAE-4E58-47AD-9749-56818957BC41}.Release|x64.ActiveCfg = Release|Any CPU
		{33A0FDAE-4E58-47AD-9749-56818957BC41}.Release|x64.Build.0 = Release|Any CPU
		{33A0FDAE-4E58-47AD-9749-56818957BC41}.Release|x86.ActiveCfg = Release|Any CPU
		{33A0FDAE-4E58-47AD-9749-56818957BC41}.Release|x86.Build.0 = Release|Any CPU
		{F5E843D8-87F5-45C9-950F-A5AC459D829D}.Debug|Any CPU.ActiveCfg = Debug|Any CPU
		{F5E843D8-87F5-45C9-950F-A5AC459D829D}.Debug|Any CPU.Build.0 = Debug|Any CPU
		{F5E843D8-87F5-45C9-950F-A5AC459D829D}.Debug|x64.ActiveCfg = Debug|Any CPU
		{F5E843D8-87F5-45C9-950F-A5AC459D829D}.Debug|x64.Build.0 = Debug|Any CPU
		{F5E843D8-87F5-45C9-950F-A5AC459D829D}.Debug|x86.ActiveCfg = Debug|Any CPU
		{F5E843D8-87F5-45C9-950F-A5AC459D829D}.Debug|x86.Build.0 = Debug|Any CPU
		{F5E843D8-87F5-45C9-950F-A5AC459D829D}.Release|Any CPU.ActiveCfg = Release|Any CPU
		{F5E843D8-87F5-45C9-950F-A5AC459D829D}.Release|Any CPU.Build.0 = Release|Any CPU
		{F5E843D8-87F5-45C9-950F-A5AC459D829D}.Release|x64.ActiveCfg = Release|Any CPU
		{F5E843D8-87F5-45C9-950F-A5AC459D829D}.Release|x64.Build.0 = Release|Any CPU
		{F5E843D8-87F5-45C9-950F-A5AC459D829D}.Release|x86.ActiveCfg = Release|Any CPU
		{F5E843D8-87F5-45C9-950F-A5AC459D829D}.Release|x86.Build.0 = Release|Any CPU
		{BB65D536-39CC-4A32-8759-CAE96256B7D4}.Debug|Any CPU.ActiveCfg = Debug|Any CPU
		{BB65D536-39CC-4A32-8759-CAE96256B7D4}.Debug|Any CPU.Build.0 = Debug|Any CPU
		{BB65D536-39CC-4A32-8759-CAE96256B7D4}.Debug|x64.ActiveCfg = Debug|Any CPU
		{BB65D536-39CC-4A32-8759-CAE96256B7D4}.Debug|x64.Build.0 = Debug|Any CPU
		{BB65D536-39CC-4A32-8759-CAE96256B7D4}.Debug|x86.ActiveCfg = Debug|Any CPU
		{BB65D536-39CC-4A32-8759-CAE96256B7D4}.Debug|x86.Build.0 = Debug|Any CPU
		{BB65D536-39CC-4A32-8759-CAE96256B7D4}.Release|Any CPU.ActiveCfg = Release|Any CPU
		{BB65D536-39CC-4A32-8759-CAE96256B7D4}.Release|Any CPU.Build.0 = Release|Any CPU
		{BB65D536-39CC-4A32-8759-CAE96256B7D4}.Release|x64.ActiveCfg = Release|Any CPU
		{BB65D536-39CC-4A32-8759-CAE96256B7D4}.Release|x64.Build.0 = Release|Any CPU
		{BB65D536-39CC-4A32-8759-CAE96256B7D4}.Release|x86.ActiveCfg = Release|Any CPU
		{BB65D536-39CC-4A32-8759-CAE96256B7D4}.Release|x86.Build.0 = Release|Any CPU
		{A491F8ED-690D-44DE-A0DE-4477E53830D4}.Debug|Any CPU.ActiveCfg = Debug|Any CPU
		{A491F8ED-690D-44DE-A0DE-4477E53830D4}.Debug|Any CPU.Build.0 = Debug|Any CPU
		{A491F8ED-690D-44DE-A0DE-4477E53830D4}.Debug|x64.ActiveCfg = Debug|Any CPU
		{A491F8ED-690D-44DE-A0DE-4477E53830D4}.Debug|x64.Build.0 = Debug|Any CPU
		{A491F8ED-690D-44DE-A0DE-4477E53830D4}.Debug|x86.ActiveCfg = Debug|Any CPU
		{A491F8ED-690D-44DE-A0DE-4477E53830D4}.Debug|x86.Build.0 = Debug|Any CPU
		{A491F8ED-690D-44DE-A0DE-4477E53830D4}.Release|Any CPU.ActiveCfg = Release|Any CPU
		{A491F8ED-690D-44DE-A0DE-4477E53830D4}.Release|Any CPU.Build.0 = Release|Any CPU
		{A491F8ED-690D-44DE-A0DE-4477E53830D4}.Release|x64.ActiveCfg = Release|Any CPU
		{A491F8ED-690D-44DE-A0DE-4477E53830D4}.Release|x64.Build.0 = Release|Any CPU
		{A491F8ED-690D-44DE-A0DE-4477E53830D4}.Release|x86.ActiveCfg = Release|Any CPU
		{A491F8ED-690D-44DE-A0DE-4477E53830D4}.Release|x86.Build.0 = Release|Any CPU
		{C0B72DFF-9344-4E75-8103-018D9358BC24}.Debug|Any CPU.ActiveCfg = Debug|Any CPU
		{C0B72DFF-9344-4E75-8103-018D9358BC24}.Debug|Any CPU.Build.0 = Debug|Any CPU
		{C0B72DFF-9344-4E75-8103-018D9358BC24}.Debug|x64.ActiveCfg = Debug|Any CPU
		{C0B72DFF-9344-4E75-8103-018D9358BC24}.Debug|x64.Build.0 = Debug|Any CPU
		{C0B72DFF-9344-4E75-8103-018D9358BC24}.Debug|x86.ActiveCfg = Debug|Any CPU
		{C0B72DFF-9344-4E75-8103-018D9358BC24}.Debug|x86.Build.0 = Debug|Any CPU
		{C0B72DFF-9344-4E75-8103-018D9358BC24}.Release|Any CPU.ActiveCfg = Release|Any CPU
		{C0B72DFF-9344-4E75-8103-018D9358BC24}.Release|Any CPU.Build.0 = Release|Any CPU
		{C0B72DFF-9344-4E75-8103-018D9358BC24}.Release|x64.ActiveCfg = Release|Any CPU
		{C0B72DFF-9344-4E75-8103-018D9358BC24}.Release|x64.Build.0 = Release|Any CPU
		{C0B72DFF-9344-4E75-8103-018D9358BC24}.Release|x86.ActiveCfg = Release|Any CPU
		{C0B72DFF-9344-4E75-8103-018D9358BC24}.Release|x86.Build.0 = Release|Any CPU
		{C1191557-DE60-4BF3-B2AA-8EC2C6151103}.Debug|Any CPU.ActiveCfg = Debug|Any CPU
		{C1191557-DE60-4BF3-B2AA-8EC2C6151103}.Debug|Any CPU.Build.0 = Debug|Any CPU
		{C1191557-DE60-4BF3-B2AA-8EC2C6151103}.Debug|x64.ActiveCfg = Debug|Any CPU
		{C1191557-DE60-4BF3-B2AA-8EC2C6151103}.Debug|x64.Build.0 = Debug|Any CPU
		{C1191557-DE60-4BF3-B2AA-8EC2C6151103}.Debug|x86.ActiveCfg = Debug|Any CPU
		{C1191557-DE60-4BF3-B2AA-8EC2C6151103}.Debug|x86.Build.0 = Debug|Any CPU
		{C1191557-DE60-4BF3-B2AA-8EC2C6151103}.Release|Any CPU.ActiveCfg = Release|Any CPU
		{C1191557-DE60-4BF3-B2AA-8EC2C6151103}.Release|Any CPU.Build.0 = Release|Any CPU
		{C1191557-DE60-4BF3-B2AA-8EC2C6151103}.Release|x64.ActiveCfg = Release|Any CPU
		{C1191557-DE60-4BF3-B2AA-8EC2C6151103}.Release|x64.Build.0 = Release|Any CPU
		{C1191557-DE60-4BF3-B2AA-8EC2C6151103}.Release|x86.ActiveCfg = Release|Any CPU
		{C1191557-DE60-4BF3-B2AA-8EC2C6151103}.Release|x86.Build.0 = Release|Any CPU
		{06318435-8B2C-4326-9B86-FEED9562843C}.Debug|Any CPU.ActiveCfg = Debug|Any CPU
		{06318435-8B2C-4326-9B86-FEED9562843C}.Debug|Any CPU.Build.0 = Debug|Any CPU
		{06318435-8B2C-4326-9B86-FEED9562843C}.Debug|x64.ActiveCfg = Debug|Any CPU
		{06318435-8B2C-4326-9B86-FEED9562843C}.Debug|x64.Build.0 = Debug|Any CPU
		{06318435-8B2C-4326-9B86-FEED9562843C}.Debug|x86.ActiveCfg = Debug|Any CPU
		{06318435-8B2C-4326-9B86-FEED9562843C}.Debug|x86.Build.0 = Debug|Any CPU
		{06318435-8B2C-4326-9B86-FEED9562843C}.Release|Any CPU.ActiveCfg = Release|Any CPU
		{06318435-8B2C-4326-9B86-FEED9562843C}.Release|Any CPU.Build.0 = Release|Any CPU
		{06318435-8B2C-4326-9B86-FEED9562843C}.Release|x64.ActiveCfg = Release|Any CPU
		{06318435-8B2C-4326-9B86-FEED9562843C}.Release|x64.Build.0 = Release|Any CPU
		{06318435-8B2C-4326-9B86-FEED9562843C}.Release|x86.ActiveCfg = Release|Any CPU
		{06318435-8B2C-4326-9B86-FEED9562843C}.Release|x86.Build.0 = Release|Any CPU
		{1103BFB2-A7F5-454E-A2C5-0ACCC53C4135}.Debug|Any CPU.ActiveCfg = Debug|Any CPU
		{1103BFB2-A7F5-454E-A2C5-0ACCC53C4135}.Debug|Any CPU.Build.0 = Debug|Any CPU
		{1103BFB2-A7F5-454E-A2C5-0ACCC53C4135}.Debug|x64.ActiveCfg = Debug|Any CPU
		{1103BFB2-A7F5-454E-A2C5-0ACCC53C4135}.Debug|x64.Build.0 = Debug|Any CPU
		{1103BFB2-A7F5-454E-A2C5-0ACCC53C4135}.Debug|x86.ActiveCfg = Debug|Any CPU
		{1103BFB2-A7F5-454E-A2C5-0ACCC53C4135}.Debug|x86.Build.0 = Debug|Any CPU
		{1103BFB2-A7F5-454E-A2C5-0ACCC53C4135}.Release|Any CPU.ActiveCfg = Release|Any CPU
		{1103BFB2-A7F5-454E-A2C5-0ACCC53C4135}.Release|Any CPU.Build.0 = Release|Any CPU
		{1103BFB2-A7F5-454E-A2C5-0ACCC53C4135}.Release|x64.ActiveCfg = Release|Any CPU
		{1103BFB2-A7F5-454E-A2C5-0ACCC53C4135}.Release|x64.Build.0 = Release|Any CPU
		{1103BFB2-A7F5-454E-A2C5-0ACCC53C4135}.Release|x86.ActiveCfg = Release|Any CPU
		{1103BFB2-A7F5-454E-A2C5-0ACCC53C4135}.Release|x86.Build.0 = Release|Any CPU
	EndGlobalSection
	GlobalSection(SolutionProperties) = preSolution
		HideSolutionNode = FALSE
	EndGlobalSection
	GlobalSection(ExtensibilityGlobals) = postSolution
		SolutionGuid = {422855DB-50C4-4818-87FC-ADC063188B68}
	EndGlobalSection
	GlobalSection(TeamFoundationVersionControl) = preSolution
		SccNumberOfProjects = 14
		SccEnterpriseProvider = {4CA58AB2-18FA-4F8D-95D4-32DDF27D184C}
		SccTeamFoundationServer = https://dev.azure.com/peterson908
		SccLocalPath0 = .
		SccProjectUniqueName1 = 01-01-01\\01-01-01.vcxproj
		SccProjectName1 = 01-01-01
		SccLocalPath1 = 01-01-01
		SccProjectUniqueName2 = 01-01-02\\01-01-02.csproj
		SccProjectName2 = 01-01-02
		SccLocalPath2 = 01-01-02
		SccProjectUniqueName3 = 01-01-03\\01-01-03.csproj
		SccProjectName3 = 01-01-03
		SccLocalPath3 = 01-01-03
		SccProjectUniqueName4 = 01-01-04\\01-01-04.csproj
		SccProjectName4 = 01-01-04
		SccLocalPath4 = 01-01-04
		SccProjectUniqueName5 = 01-01-05\\01-01-05.csproj
		SccProjectName5 = 01-01-05
		SccLocalPath5 = 01-01-05
		SccProjectUniqueName6 = 01-01-06\\01-01-06.csproj
		SccProjectName6 = 01-01-06
		SccLocalPath6 = 01-01-06
		SccProjectUniqueName7 = 01-01-07\\01-01-07.csproj
		SccProjectName7 = 01-01-07
		SccLocalPath7 = 01-01-07
		SccProjectUniqueName8 = 01-01-08\\01-01-08.csproj
		SccProjectName8 = 01-01-08
		SccLocalPath8 = 01-01-08
		SccProjectUniqueName9 = 01-01-09\\01-01-09.csproj
		SccProjectName9 = 01-01-09
		SccLocalPath9 = 01-01-09
		SccProjectUniqueName10 = 01-01-10\\01-01-10.csproj
		SccProjectName10 = 01-01-10
		SccLocalPath10 = 01-01-10
		SccProjectUniqueName11 = 01-01-11\\01-01-11.csproj
		SccProjectName11 = 01-01-11
		SccLocalPath11 = 01-01-11
		SccProjectUniqueName12 = 01-01-12\\01-01-12.csproj
		SccProjectName12 = 01-01-12
		SccLocalPath12 = 01-01-12
		SccProjectUniqueName13 = 01-01-13\\01-01-13.csproj
		SccProjectName13 = 01-01-13
		SccLocalPath13 = 01-01-13
	EndGlobalSection
EndGlobal
